{
  "name": "-dispensable-underwear-8715",
  "lockfileVersion": 2,
  "requires": true,
  "packages": {
    "": {
      "dependencies": {
        "react-app-store-badge": "^1.0.2"
      }
    },
    "node_modules/react-app-store-badge": {
      "version": "1.0.2",
      "resolved": "https://registry.npmjs.org/react-app-store-badge/-/react-app-store-badge-1.0.2.tgz",
      "integrity": "sha512-+x/C/p4ZWFrjfZ5bT8K0c+yQ+N33HpCMvn5LSRIN0hkg/fEge1RuadoyOS+bNX/gfnUL/2GOeCuNEm180EQyUQ=="
    }
  },
  "dependencies": {
    "react-app-store-badge": {
      "version": "1.0.2",
      "resolved": "https://registry.npmjs.org/react-app-store-badge/-/react-app-store-badge-1.0.2.tgz",
      "integrity": "sha512-+x/C/p4ZWFrjfZ5bT8K0c+yQ+N33HpCMvn5LSRIN0hkg/fEge1RuadoyOS+bNX/gfnUL/2GOeCuNEm180EQyUQ=="
    }
  }
}
